
Microsoft Visual Studio Solution File, Format Version 12.00
# Visual Studio Version 17
VisualStudioVersion = 17.1.32328.378
MinimumVisualStudioVersion = 10.0.40219.1
Project("{9092AA53-FB77-4645-B42D-1CCCA6BD08BD}") = "ClassyName", "ClassyName\ClassyName.njsproj", "{245BD080-6DFD-4E31-B496-022611C6DA0F}"
EndProject
Global
	GlobalSection(SolutionConfigurationPlatforms) = preSolution
		Debug|Any CPU = Debug|Any CPU
		Release|Any CPU = Release|Any CPU
	EndGlobalSection
	GlobalSection(ProjectConfigurationPlatforms) = postSolution
		{245BD080-6DFD-4E31-B496-022611C6DA0F}.Debug|Any CPU.ActiveCfg = Debug|Any CPU
		{245BD080-6DFD-4E31-B496-022611C6DA0F}.Debug|Any CPU.Build.0 = Debug|Any CPU
		{245BD080-6DFD-4E31-B496-022611C6DA0F}.Release|Any CPU.ActiveCfg = Release|Any CPU
		{245BD080-6DFD-4E31-B496-022611C6DA0F}.Release|Any CPU.Build.0 = Release|Any CPU
	EndGlobalSection
	GlobalSection(SolutionProperties) = preSolution
		HideSolutionNode = FALSE
	EndGlobalSection
	GlobalSection(ExtensibilityGlobals) = postSolution
		SolutionGuid = {5F6565FE-D095-4223-A450-955A258A703C}
	EndGlobalSection
EndGlobal
